PODS:
  - RatingsControllerNew (0.1.0)

DEPENDENCIES:
  - RatingsControllerNew (from `../`)

EXTERNAL SOURCES:
  RatingsControllerNew:
    :path: ../

SPEC CHECKSUMS:
  RatingsControllerNew: 041c52b1898a9ba1dff14d0644e2061042636611

PODFILE CHECKSUM: fbb1040bd7348300e36d589d4726c926ea8c1c25

COCOAPODS: 1.1.1
