PODS:
  - RatingsControllerNew (0.1.0)

DEPENDENCIES:
  - RatingsControllerNew (from `../`)

EXTERNAL SOURCES:
  RatingsControllerNew:
    :path: ../

SPEC CHECKSUMS:
  RatingsControllerNew: 0e4d37f90127531bf6e949fa3aff01afbf4e7d99

PODFILE CHECKSUM: fbb1040bd7348300e36d589d4726c926ea8c1c25

COCOAPODS: 1.1.1
